// !$*UTF8*$!
{
	archiveVersion = 1;
	classes = {
	};
	objectVersion = 48;
	objects = {

/* Begin PBXBuildFile section */
		2B1F9E741FCC879C0039A992 /* AudioController.swift in Sources */ = {isa = PBXBuildFile; fileRef = 2B1F9E731FCC879B0039A992 /* AudioController.swift */; };
		2B211EBF1F9AD43300207FF5 /* AppDelegate.m in Sources */ = {isa = PBXBuildFile; fileRef = 2B211EBE1F9AD43300207FF5 /* AppDelegate.m */; };
		2B211EC51F9AD43300207FF5 /* Main.storyboard in Resources */ = {isa = PBXBuildFile; fileRef = 2B211EC31F9AD43300207FF5 /* Main.storyboard */; };
		2B211EC81F9AD43300207FF5 /* SeniorDesignProject2.xcdatamodeld in Sources */ = {isa = PBXBuildFile; fileRef = 2B211EC61F9AD43300207FF5 /* SeniorDesignProject2.xcdatamodeld */; };
		2B211ECA1F9AD43300207FF5 /* Assets.xcassets in Resources */ = {isa = PBXBuildFile; fileRef = 2B211EC91F9AD43300207FF5 /* Assets.xcassets */; };
		2B211ECD1F9AD43300207FF5 /* LaunchScreen.storyboard in Resources */ = {isa = PBXBuildFile; fileRef = 2B211ECB1F9AD43300207FF5 /* LaunchScreen.storyboard */; };
		2B211ED01F9AD43300207FF5 /* main.m in Sources */ = {isa = PBXBuildFile; fileRef = 2B211ECF1F9AD43300207FF5 /* main.m */; };
		2B2D352A1F9AD93000E4A982 /* ChannelListViewController.swift in Sources */ = {isa = PBXBuildFile; fileRef = 2B2D35291F9AD93000E4A982 /* ChannelListViewController.swift */; };
		2B2D352C1F9AD99200E4A982 /* LoginViewController.swift in Sources */ = {isa = PBXBuildFile; fileRef = 2B2D352B1F9AD99200E4A982 /* LoginViewController.swift */; };
		2B2D352E1F9ADCCC00E4A982 /* ChatViewController.swift in Sources */ = {isa = PBXBuildFile; fileRef = 2B2D352D1F9ADCCC00E4A982 /* ChatViewController.swift */; };
		2B2D35301F9ADD4400E4A982 /* CreateChannelCell.swift in Sources */ = {isa = PBXBuildFile; fileRef = 2B2D352F1F9ADD4400E4A982 /* CreateChannelCell.swift */; };
		2B2D35321F9ADDA600E4A982 /* UIImage+Gif.swift in Sources */ = {isa = PBXBuildFile; fileRef = 2B2D35311F9ADDA600E4A982 /* UIImage+Gif.swift */; };
		2B2E65801F9B86F0004B7F7B /* Channel.swift in Sources */ = {isa = PBXBuildFile; fileRef = 2B2E657F1F9B86F0004B7F7B /* Channel.swift */; };
		2B58490B1FB3652A00D9270F /* LanguageSelectTableViewController.swift in Sources */ = {isa = PBXBuildFile; fileRef = 2B58490A1FB3652A00D9270F /* LanguageSelectTableViewController.swift */; };
		2B615EFB1FAA372300042911 /* SpeechToTextViewController.swift in Sources */ = {isa = PBXBuildFile; fileRef = 2B615EFA1FAA372300042911 /* SpeechToTextViewController.swift */; };
		2B7BDE361FCA518600DD61D9 /* SpeechRecognitionService.swift in Sources */ = {isa = PBXBuildFile; fileRef = 2B7BDE351FCA518600DD61D9 /* SpeechRecognitionService.swift */; };
		2BA94935205484D400088599 /* SignUpViewController.swift in Sources */ = {isa = PBXBuildFile; fileRef = 2BA94934205484D400088599 /* SignUpViewController.swift */; };
		2BB851B91FA4E80B00C409C9 /* VideoToolbox.framework in Frameworks */ = {isa = PBXBuildFile; fileRef = 2BB851A91FA3C31A00C409C9 /* VideoToolbox.framework */; };
		2BB851BA1FA4E81200C409C9 /* AudioToolbox.framework in Frameworks */ = {isa = PBXBuildFile; fileRef = 2BD68C331F9E8F8D00AF19C2 /* AudioToolbox.framework */; };
		2BB851BB1FA4E82B00C409C9 /* CoreGraphics.framework in Frameworks */ = {isa = PBXBuildFile; fileRef = 2BD68C301F9E8F6800AF19C2 /* CoreGraphics.framework */; };
		2BB851BC1FA4E83300C409C9 /* CoreImage.framework in Frameworks */ = {isa = PBXBuildFile; fileRef = 2BB851AE1FA4E34A00C409C9 /* CoreImage.framework */; };
		2BB851BD1FA4E83A00C409C9 /* CoreMedia.framework in Frameworks */ = {isa = PBXBuildFile; fileRef = 2BD68C421F9E903D00AF19C2 /* CoreMedia.framework */; };
		2BB851BE1FA4E84200C409C9 /* CoreVideo.framework in Frameworks */ = {isa = PBXBuildFile; fileRef = 2BD68C311F9E8F7000AF19C2 /* CoreVideo.framework */; };
		2BB851BF1FA4E84A00C409C9 /* GLKit.framework in Frameworks */ = {isa = PBXBuildFile; fileRef = 2BD68C351F9E8FA400AF19C2 /* GLKit.framework */; };
		2BB851C01FA4E85100C409C9 /* AVFoundation.framework in Frameworks */ = {isa = PBXBuildFile; fileRef = 2BD68C341F9E8F9A00AF19C2 /* AVFoundation.framework */; };
		2BD3343920B4802E00F8BBF9 /* GoogleService-Info.plist in Resources */ = {isa = PBXBuildFile; fileRef = 2BD3343820B4802E00F8BBF9 /* GoogleService-Info.plist */; };
		2BD68C3A1F9E8FD100AF19C2 /* libsqlite3.0.tbd in Frameworks */ = {isa = PBXBuildFile; fileRef = 2BD68C391F9E8FD100AF19C2 /* libsqlite3.0.tbd */; };
		2BD68C3C1F9E8FDC00AF19C2 /* libicucore.tbd in Frameworks */ = {isa = PBXBuildFile; fileRef = 2BD68C3B1F9E8FDC00AF19C2 /* libicucore.tbd */; };
		2BD68C3E1F9E8FE400AF19C2 /* libc++.tbd in Frameworks */ = {isa = PBXBuildFile; fileRef = 2BD68C3D1F9E8FE400AF19C2 /* libc++.tbd */; };
		7CAD82B725E5D35C54E4012C /* Pods_SeniorDesignProject2.framework in Frameworks */ = {isa = PBXBuildFile; fileRef = 64EE501C194300DB27A918B5 /* Pods_SeniorDesignProject2.framework */; };
/* End PBXBuildFile section */

/* Begin PBXCopyFilesBuildPhase section */
		2B23F8D11FA3C1B500221248 /* Embed Frameworks */ = {
			isa = PBXCopyFilesBuildPhase;
			buildActionMask = 2147483647;
			dstPath = "";
			dstSubfolderSpec = 10;
			files = (
			);
			name = "Embed Frameworks";
			runOnlyForDeploymentPostprocessing = 0;
		};
/* End PBXCopyFilesBuildPhase section */

/* Begin PBXFileReference section */
		2B1F9E731FCC879B0039A992 /* AudioController.swift */ = {isa = PBXFileReference; fileEncoding = 4; lastKnownFileType = sourcecode.swift; path = AudioController.swift; sourceTree = "<group>"; };
		2B211EBA1F9AD43300207FF5 /* MultiChat.app */ = {isa = PBXFileReference; explicitFileType = wrapper.application; includeInIndex = 0; path = MultiChat.app; sourceTree = BUILT_PRODUCTS_DIR; };
		2B211EBD1F9AD43300207FF5 /* AppDelegate.h */ = {isa = PBXFileReference; lastKnownFileType = sourcecode.c.h; path = AppDelegate.h; sourceTree = "<group>"; };
		2B211EBE1F9AD43300207FF5 /* AppDelegate.m */ = {isa = PBXFileReference; lastKnownFileType = sourcecode.c.objc; path = AppDelegate.m; sourceTree = "<group>"; };
		2B211EC41F9AD43300207FF5 /* Base */ = {isa = PBXFileReference; lastKnownFileType = file.storyboard; name = Base; path = Base.lproj/Main.storyboard; sourceTree = "<group>"; };
		2B211EC71F9AD43300207FF5 /* SeniorDesignProject2.xcdatamodel */ = {isa = PBXFileReference; lastKnownFileType = wrapper.xcdatamodel; path = SeniorDesignProject2.xcdatamodel; sourceTree = "<group>"; };
		2B211EC91F9AD43300207FF5 /* Assets.xcassets */ = {isa = PBXFileReference; lastKnownFileType = folder.assetcatalog; path = Assets.xcassets; sourceTree = "<group>"; };
		2B211ECC1F9AD43300207FF5 /* Base */ = {isa = PBXFileReference; lastKnownFileType = file.storyboard; name = Base; path = Base.lproj/LaunchScreen.storyboard; sourceTree = "<group>"; };
		2B211ECE1F9AD43300207FF5 /* Info.plist */ = {isa = PBXFileReference; lastKnownFileType = text.plist.xml; path = Info.plist; sourceTree = "<group>"; };
		2B211ECF1F9AD43300207FF5 /* main.m */ = {isa = PBXFileReference; lastKnownFileType = sourcecode.c.objc; path = main.m; sourceTree = "<group>"; };
		2B2D35281F9AD93000E4A982 /* SeniorDesignProject2-Bridging-Header.h */ = {isa = PBXFileReference; lastKnownFileType = sourcecode.c.h; path = "SeniorDesignProject2-Bridging-Header.h"; sourceTree = "<group>"; };
		2B2D35291F9AD93000E4A982 /* ChannelListViewController.swift */ = {isa = PBXFileReference; lastKnownFileType = sourcecode.swift; path = ChannelListViewController.swift; sourceTree = "<group>"; };
		2B2D352B1F9AD99200E4A982 /* LoginViewController.swift */ = {isa = PBXFileReference; lastKnownFileType = sourcecode.swift; path = LoginViewController.swift; sourceTree = "<group>"; };
		2B2D352D1F9ADCCC00E4A982 /* ChatViewController.swift */ = {isa = PBXFileReference; lastKnownFileType = sourcecode.swift; path = ChatViewController.swift; sourceTree = "<group>"; };
		2B2D352F1F9ADD4400E4A982 /* CreateChannelCell.swift */ = {isa = PBXFileReference; lastKnownFileType = sourcecode.swift; path = CreateChannelCell.swift; sourceTree = "<group>"; };
		2B2D35311F9ADDA600E4A982 /* UIImage+Gif.swift */ = {isa = PBXFileReference; fileEncoding = 4; lastKnownFileType = sourcecode.swift; path = "UIImage+Gif.swift"; sourceTree = "<group>"; };
		2B2E657F1F9B86F0004B7F7B /* Channel.swift */ = {isa = PBXFileReference; lastKnownFileType = sourcecode.swift; path = Channel.swift; sourceTree = "<group>"; };
		2B58490A1FB3652A00D9270F /* LanguageSelectTableViewController.swift */ = {isa = PBXFileReference; lastKnownFileType = sourcecode.swift; name = LanguageSelectTableViewController.swift; path = "/Users/Jscherer/Documents/Developer/iOS Projects/SeniorDesignProject2/SeniorDesignProject2/LanguageSelectTableViewController.swift"; sourceTree = "<absolute>"; };
		2B615EFA1FAA372300042911 /* SpeechToTextViewController.swift */ = {isa = PBXFileReference; lastKnownFileType = sourcecode.swift; path = SpeechToTextViewController.swift; sourceTree = "<group>"; };
		2B7BDE351FCA518600DD61D9 /* SpeechRecognitionService.swift */ = {isa = PBXFileReference; lastKnownFileType = sourcecode.swift; path = SpeechRecognitionService.swift; sourceTree = "<group>"; };
		2BA94934205484D400088599 /* SignUpViewController.swift */ = {isa = PBXFileReference; lastKnownFileType = sourcecode.swift; name = SignUpViewController.swift; path = "/Users/Jscherer/Documents/Developer/iOS Projects/SeniorDesignProject2/SeniorDesignProject2/SignUpViewController.swift"; sourceTree = "<absolute>"; };
		2BB851A91FA3C31A00C409C9 /* VideoToolbox.framework */ = {isa = PBXFileReference; lastKnownFileType = wrapper.framework; name = VideoToolbox.framework; path = System/Library/Frameworks/VideoToolbox.framework; sourceTree = SDKROOT; };
		2BB851AE1FA4E34A00C409C9 /* CoreImage.framework */ = {isa = PBXFileReference; lastKnownFileType = wrapper.framework; name = CoreImage.framework; path = System/Library/Frameworks/CoreImage.framework; sourceTree = SDKROOT; };
		2BD3343820B4802E00F8BBF9 /* GoogleService-Info.plist */ = {isa = PBXFileReference; fileEncoding = 4; lastKnownFileType = text.plist.xml; path = "GoogleService-Info.plist"; sourceTree = "<group>"; };
		2BD68C2E1F9E8F5200AF19C2 /* QuartzCore.framework */ = {isa = PBXFileReference; lastKnownFileType = wrapper.framework; name = QuartzCore.framework; path = System/Library/Frameworks/QuartzCore.framework; sourceTree = SDKROOT; };
		2BD68C2F1F9E8F5E00AF19C2 /* OpenGLES.framework */ = {isa = PBXFileReference; lastKnownFileType = wrapper.framework; name = OpenGLES.framework; path = System/Library/Frameworks/OpenGLES.framework; sourceTree = SDKROOT; };
		2BD68C301F9E8F6800AF19C2 /* CoreGraphics.framework */ = {isa = PBXFileReference; lastKnownFileType = wrapper.framework; name = CoreGraphics.framework; path = System/Library/Frameworks/CoreGraphics.framework; sourceTree = SDKROOT; };
		2BD68C311F9E8F7000AF19C2 /* CoreVideo.framework */ = {isa = PBXFileReference; lastKnownFileType = wrapper.framework; name = CoreVideo.framework; path = System/Library/Frameworks/CoreVideo.framework; sourceTree = SDKROOT; };
		2BD68C321F9E8F7D00AF19C2 /* CoreAudio.framework */ = {isa = PBXFileReference; lastKnownFileType = wrapper.framework; name = CoreAudio.framework; path = System/Library/Frameworks/CoreAudio.framework; sourceTree = SDKROOT; };
		2BD68C331F9E8F8D00AF19C2 /* AudioToolbox.framework */ = {isa = PBXFileReference; lastKnownFileType = wrapper.framework; name = AudioToolbox.framework; path = System/Library/Frameworks/AudioToolbox.framework; sourceTree = SDKROOT; };
		2BD68C341F9E8F9A00AF19C2 /* AVFoundation.framework */ = {isa = PBXFileReference; lastKnownFileType = wrapper.framework; name = AVFoundation.framework; path = System/Library/Frameworks/AVFoundation.framework; sourceTree = SDKROOT; };
		2BD68C351F9E8FA400AF19C2 /* GLKit.framework */ = {isa = PBXFileReference; lastKnownFileType = wrapper.framework; name = GLKit.framework; path = System/Library/Frameworks/GLKit.framework; sourceTree = SDKROOT; };
		2BD68C361F9E8FAB00AF19C2 /* CFNetwork.framework */ = {isa = PBXFileReference; lastKnownFileType = wrapper.framework; name = CFNetwork.framework; path = System/Library/Frameworks/CFNetwork.framework; sourceTree = SDKROOT; };
		2BD68C371F9E8FBF00AF19C2 /* libstdc++.6.0.9.tbd */ = {isa = PBXFileReference; lastKnownFileType = "sourcecode.text-based-dylib-definition"; name = "libstdc++.6.0.9.tbd"; path = "usr/lib/libstdc++.6.0.9.tbd"; sourceTree = SDKROOT; };
		2BD68C391F9E8FD100AF19C2 /* libsqlite3.0.tbd */ = {isa = PBXFileReference; lastKnownFileType = "sourcecode.text-based-dylib-definition"; name = libsqlite3.0.tbd; path = usr/lib/libsqlite3.0.tbd; sourceTree = SDKROOT; };
		2BD68C3B1F9E8FDC00AF19C2 /* libicucore.tbd */ = {isa = PBXFileReference; lastKnownFileType = "sourcecode.text-based-dylib-definition"; name = libicucore.tbd; path = usr/lib/libicucore.tbd; sourceTree = SDKROOT; };
		2BD68C3D1F9E8FE400AF19C2 /* libc++.tbd */ = {isa = PBXFileReference; lastKnownFileType = "sourcecode.text-based-dylib-definition"; name = "libc++.tbd"; path = "usr/lib/libc++.tbd"; sourceTree = SDKROOT; };
		2BD68C421F9E903D00AF19C2 /* CoreMedia.framework */ = {isa = PBXFileReference; lastKnownFileType = wrapper.framework; name = CoreMedia.framework; path = System/Library/Frameworks/CoreMedia.framework; sourceTree = SDKROOT; };
		2BD68C441F9E908700AF19C2 /* Security.framework */ = {isa = PBXFileReference; lastKnownFileType = wrapper.framework; name = Security.framework; path = System/Library/Frameworks/Security.framework; sourceTree = SDKROOT; };
		64EE501C194300DB27A918B5 /* Pods_SeniorDesignProject2.framework */ = {isa = PBXFileReference; explicitFileType = wrapper.framework; includeInIndex = 0; path = Pods_SeniorDesignProject2.framework; sourceTree = BUILT_PRODUCTS_DIR; };
		D0290B50E4AED89478721F17 /* Pods-SeniorDesignProject2.release.xcconfig */ = {isa = PBXFileReference; includeInIndex = 1; lastKnownFileType = text.xcconfig; name = "Pods-SeniorDesignProject2.release.xcconfig"; path = "Pods/Target Support Files/Pods-SeniorDesignProject2/Pods-SeniorDesignProject2.release.xcconfig"; sourceTree = "<group>"; };
		F9E44C3568C7ACE78815C95D /* Pods-SeniorDesignProject2.debug.xcconfig */ = {isa = PBXFileReference; includeInIndex = 1; lastKnownFileType = text.xcconfig; name = "Pods-SeniorDesignProject2.debug.xcconfig"; path = "Pods/Target Support Files/Pods-SeniorDesignProject2/Pods-SeniorDesignProject2.debug.xcconfig"; sourceTree = "<group>"; };
/* End PBXFileReference section */

/* Begin PBXFrameworksBuildPhase section */
		2B211EB71F9AD43300207FF5 /* Frameworks */ = {
			isa = PBXFrameworksBuildPhase;
			buildActionMask = 2147483647;
			files = (
				2BB851C01FA4E85100C409C9 /* AVFoundation.framework in Frameworks */,
				2BB851BF1FA4E84A00C409C9 /* GLKit.framework in Frameworks */,
				2BB851BE1FA4E84200C409C9 /* CoreVideo.framework in Frameworks */,
				2BB851BD1FA4E83A00C409C9 /* CoreMedia.framework in Frameworks */,
				2BB851BC1FA4E83300C409C9 /* CoreImage.framework in Frameworks */,
				2BB851BB1FA4E82B00C409C9 /* CoreGraphics.framework in Frameworks */,
				2BB851BA1FA4E81200C409C9 /* AudioToolbox.framework in Frameworks */,
				2BB851B91FA4E80B00C409C9 /* VideoToolbox.framework in Frameworks */,
				2BD68C3E1F9E8FE400AF19C2 /* libc++.tbd in Frameworks */,
				2BD68C3A1F9E8FD100AF19C2 /* libsqlite3.0.tbd in Frameworks */,
				2BD68C3C1F9E8FDC00AF19C2 /* libicucore.tbd in Frameworks */,
				7CAD82B725E5D35C54E4012C /* Pods_SeniorDesignProject2.framework in Frameworks */,
			);
			runOnlyForDeploymentPostprocessing = 0;
		};
/* End PBXFrameworksBuildPhase section */

/* Begin PBXGroup section */
		2B211EB11F9AD43300207FF5 = {
			isa = PBXGroup;
			children = (
				2B211EBC1F9AD43300207FF5 /* SeniorDesignProject2 */,
				2B211EBB1F9AD43300207FF5 /* Products */,
				4217C977B3D720F9EBF5A88F /* Frameworks */,
				D35E5F4C368F6E16F23DEA32 /* Pods */,
			);
			sourceTree = "<group>";
		};
		2B211EBB1F9AD43300207FF5 /* Products */ = {
			isa = PBXGroup;
			children = (
				2B211EBA1F9AD43300207FF5 /* MultiChat.app */,
			);
			name = Products;
			sourceTree = "<group>";
		};
		2B211EBC1F9AD43300207FF5 /* SeniorDesignProject2 */ = {
			isa = PBXGroup;
			children = (
				2B211EBD1F9AD43300207FF5 /* AppDelegate.h */,
				2B211EBE1F9AD43300207FF5 /* AppDelegate.m */,
				2B211EC31F9AD43300207FF5 /* Main.storyboard */,
				2B2D352B1F9AD99200E4A982 /* LoginViewController.swift */,
				2BA94934205484D400088599 /* SignUpViewController.swift */,
				2B2D35291F9AD93000E4A982 /* ChannelListViewController.swift */,
				2B2D352D1F9ADCCC00E4A982 /* ChatViewController.swift */,
				2B615EFA1FAA372300042911 /* SpeechToTextViewController.swift */,
				2B58490A1FB3652A00D9270F /* LanguageSelectTableViewController.swift */,
				2B8972D11FAD3F9100BC6A36 /* Helper */,
				2B211EC91F9AD43300207FF5 /* Assets.xcassets */,
				2B211ECB1F9AD43300207FF5 /* LaunchScreen.storyboard */,
				2B211ECE1F9AD43300207FF5 /* Info.plist */,
				2B211ECF1F9AD43300207FF5 /* main.m */,
				2BD3343820B4802E00F8BBF9 /* GoogleService-Info.plist */,
				2B211EC61F9AD43300207FF5 /* SeniorDesignProject2.xcdatamodeld */,
				2B2D35281F9AD93000E4A982 /* SeniorDesignProject2-Bridging-Header.h */,
			);
			path = SeniorDesignProject2;
			sourceTree = "<group>";
		};
		2B8972D11FAD3F9100BC6A36 /* Helper */ = {
			isa = PBXGroup;
			children = (
				2B1F9E731FCC879B0039A992 /* AudioController.swift */,
				2B7BDE351FCA518600DD61D9 /* SpeechRecognitionService.swift */,
				2B2E657F1F9B86F0004B7F7B /* Channel.swift */,
				2B2D352F1F9ADD4400E4A982 /* CreateChannelCell.swift */,
				2B2D35311F9ADDA600E4A982 /* UIImage+Gif.swift */,
			);
			path = Helper;
			sourceTree = "<group>";
		};
		4217C977B3D720F9EBF5A88F /* Frameworks */ = {
			isa = PBXGroup;
			children = (
				2BB851AE1FA4E34A00C409C9 /* CoreImage.framework */,
				2BB851A91FA3C31A00C409C9 /* VideoToolbox.framework */,
				2BD68C441F9E908700AF19C2 /* Security.framework */,
				2BD68C3D1F9E8FE400AF19C2 /* libc++.tbd */,
				2BD68C3B1F9E8FDC00AF19C2 /* libicucore.tbd */,
				2BD68C391F9E8FD100AF19C2 /* libsqlite3.0.tbd */,
				2BD68C371F9E8FBF00AF19C2 /* libstdc++.6.0.9.tbd */,
				2BD68C421F9E903D00AF19C2 /* CoreMedia.framework */,
				2BD68C361F9E8FAB00AF19C2 /* CFNetwork.framework */,
				2BD68C351F9E8FA400AF19C2 /* GLKit.framework */,
				2BD68C341F9E8F9A00AF19C2 /* AVFoundation.framework */,
				2BD68C331F9E8F8D00AF19C2 /* AudioToolbox.framework */,
				2BD68C321F9E8F7D00AF19C2 /* CoreAudio.framework */,
				2BD68C311F9E8F7000AF19C2 /* CoreVideo.framework */,
				2BD68C301F9E8F6800AF19C2 /* CoreGraphics.framework */,
				2BD68C2F1F9E8F5E00AF19C2 /* OpenGLES.framework */,
				2BD68C2E1F9E8F5200AF19C2 /* QuartzCore.framework */,
				64EE501C194300DB27A918B5 /* Pods_SeniorDesignProject2.framework */,
			);
			name = Frameworks;
			sourceTree = "<group>";
		};
		D35E5F4C368F6E16F23DEA32 /* Pods */ = {
			isa = PBXGroup;
			children = (
				F9E44C3568C7ACE78815C95D /* Pods-SeniorDesignProject2.debug.xcconfig */,
				D0290B50E4AED89478721F17 /* Pods-SeniorDesignProject2.release.xcconfig */,
			);
			name = Pods;
			sourceTree = "<group>";
		};
/* End PBXGroup section */

/* Begin PBXNativeTarget section */
		2B211EB91F9AD43300207FF5 /* SeniorDesignProject2 */ = {
			isa = PBXNativeTarget;
			buildConfigurationList = 2B211ED31F9AD43300207FF5 /* Build configuration list for PBXNativeTarget "SeniorDesignProject2" */;
			buildPhases = (
				E18FE29183852ABB1C0F15EF /* [CP] Check Pods Manifest.lock */,
				2B211EB61F9AD43300207FF5 /* Sources */,
				2B211EB71F9AD43300207FF5 /* Frameworks */,
				2B211EB81F9AD43300207FF5 /* Resources */,
				2B23F8D11FA3C1B500221248 /* Embed Frameworks */,
				269C03EA5C7A76A7F5F6AA86 /* [CP] Embed Pods Frameworks */,
				DC1266281542813CAB9F5BBD /* [CP] Copy Pods Resources */,
			);
			buildRules = (
			);
			dependencies = (
			);
			name = SeniorDesignProject2;
			productName = SeniorDesignProject2;
			productReference = 2B211EBA1F9AD43300207FF5 /* MultiChat.app */;
			productType = "com.apple.product-type.application";
		};
/* End PBXNativeTarget section */

/* Begin PBXProject section */
		2B211EB21F9AD43300207FF5 /* Project object */ = {
			isa = PBXProject;
			attributes = {
				LastUpgradeCheck = 0900;
				ORGANIZATIONNAME = "James Scherer";
				TargetAttributes = {
					2B211EB91F9AD43300207FF5 = {
						CreatedOnToolsVersion = 9.0.1;
						LastSwiftMigration = 0910;
						ProvisioningStyle = Automatic;
					};
				};
			};
			buildConfigurationList = 2B211EB51F9AD43300207FF5 /* Build configuration list for PBXProject "SeniorDesignProject2" */;
			compatibilityVersion = "Xcode 8.0";
			developmentRegion = en;
			hasScannedForEncodings = 0;
			knownRegions = (
				en,
				Base,
			);
			mainGroup = 2B211EB11F9AD43300207FF5;
			productRefGroup = 2B211EBB1F9AD43300207FF5 /* Products */;
			projectDirPath = "";
			projectRoot = "";
			targets = (
				2B211EB91F9AD43300207FF5 /* SeniorDesignProject2 */,
			);
		};
/* End PBXProject section */

/* Begin PBXResourcesBuildPhase section */
		2B211EB81F9AD43300207FF5 /* Resources */ = {
			isa = PBXResourcesBuildPhase;
			buildActionMask = 2147483647;
			files = (
				2B211ECD1F9AD43300207FF5 /* LaunchScreen.storyboard in Resources */,
				2BD3343920B4802E00F8BBF9 /* GoogleService-Info.plist in Resources */,
				2B211ECA1F9AD43300207FF5 /* Assets.xcassets in Resources */,
				2B211EC51F9AD43300207FF5 /* Main.storyboard in Resources */,
			);
			runOnlyForDeploymentPostprocessing = 0;
		};
/* End PBXResourcesBuildPhase section */

/* Begin PBXShellScriptBuildPhase section */
		269C03EA5C7A76A7F5F6AA86 /* [CP] Embed Pods Frameworks */ = {
			isa = PBXShellScriptBuildPhase;
			buildActionMask = 2147483647;
			files = (
			);
			inputPaths = (
				"${SRCROOT}/Pods/Target Support Files/Pods-SeniorDesignProject2/Pods-SeniorDesignProject2-frameworks.sh",
				"${BUILT_PRODUCTS_DIR}/BoringSSL/openssl.framework",
				"${BUILT_PRODUCTS_DIR}/GTMSessionFetcher/GTMSessionFetcher.framework",
				"${BUILT_PRODUCTS_DIR}/GoogleToolboxForMac/GoogleToolboxForMac.framework",
				"${BUILT_PRODUCTS_DIR}/JSQMessagesViewController/JSQMessagesViewController.framework",
				"${BUILT_PRODUCTS_DIR}/JSQSystemSoundPlayer/JSQSystemSoundPlayer.framework",
				"${BUILT_PRODUCTS_DIR}/Protobuf/Protobuf.framework",
				"${BUILT_PRODUCTS_DIR}/ROGoogleTranslate/ROGoogleTranslate.framework",
				"${BUILT_PRODUCTS_DIR}/gRPC/GRPCClient.framework",
				"${BUILT_PRODUCTS_DIR}/gRPC-Core/grpc.framework",
				"${BUILT_PRODUCTS_DIR}/gRPC-ProtoRPC/ProtoRPC.framework",
				"${BUILT_PRODUCTS_DIR}/gRPC-RxLibrary/RxLibrary.framework",
				"${BUILT_PRODUCTS_DIR}/googleapis/googleapis.framework",
				"${BUILT_PRODUCTS_DIR}/leveldb-library/leveldb.framework",
				"${BUILT_PRODUCTS_DIR}/nanopb/nanopb.framework",
			);
			name = "[CP] Embed Pods Frameworks";
			outputPaths = (
				"${TARGET_BUILD_DIR}/${FRAMEWORKS_FOLDER_PATH}/openssl.framework",
				"${TARGET_BUILD_DIR}/${FRAMEWORKS_FOLDER_PATH}/GTMSessionFetcher.framework",
				"${TARGET_BUILD_DIR}/${FRAMEWORKS_FOLDER_PATH}/GoogleToolboxForMac.framework",
				"${TARGET_BUILD_DIR}/${FRAMEWORKS_FOLDER_PATH}/JSQMessagesViewController.framework",
				"${TARGET_BUILD_DIR}/${FRAMEWORKS_FOLDER_PATH}/JSQSystemSoundPlayer.framework",
				"${TARGET_BUILD_DIR}/${FRAMEWORKS_FOLDER_PATH}/Protobuf.framework",
				"${TARGET_BUILD_DIR}/${FRAMEWORKS_FOLDER_PATH}/ROGoogleTranslate.framework",
				"${TARGET_BUILD_DIR}/${FRAMEWORKS_FOLDER_PATH}/GRPCClient.framework",
				"${TARGET_BUILD_DIR}/${FRAMEWORKS_FOLDER_PATH}/grpc.framework",
				"${TARGET_BUILD_DIR}/${FRAMEWORKS_FOLDER_PATH}/ProtoRPC.framework",
				"${TARGET_BUILD_DIR}/${FRAMEWORKS_FOLDER_PATH}/RxLibrary.framework",
				"${TARGET_BUILD_DIR}/${FRAMEWORKS_FOLDER_PATH}/googleapis.framework",
				"${TARGET_BUILD_DIR}/${FRAMEWORKS_FOLDER_PATH}/leveldb.framework",
				"${TARGET_BUILD_DIR}/${FRAMEWORKS_FOLDER_PATH}/nanopb.framework",
			);
			runOnlyForDeploymentPostprocessing = 0;
			shellPath = /bin/sh;
			shellScript = "\"${SRCROOT}/Pods/Target Support Files/Pods-SeniorDesignProject2/Pods-SeniorDesignProject2-frameworks.sh\"\n";
			showEnvVarsInLog = 0;
		};
		DC1266281542813CAB9F5BBD /* [CP] Copy Pods Resources */ = {
			isa = PBXShellScriptBuildPhase;
			buildActionMask = 2147483647;
			files = (
			);
			inputPaths = (
			);
			name = "[CP] Copy Pods Resources";
			outputPaths = (
			);
			runOnlyForDeploymentPostprocessing = 0;
			shellPath = /bin/sh;
			shellScript = "\"${SRCROOT}/Pods/Target Support Files/Pods-SeniorDesignProject2/Pods-SeniorDesignProject2-resources.sh\"\n";
			showEnvVarsInLog = 0;
		};
		E18FE29183852ABB1C0F15EF /* [CP] Check Pods Manifest.lock */ = {
			isa = PBXShellScriptBuildPhase;
			buildActionMask = 2147483647;
			files = (
			);
			inputPaths = (
				"${PODS_PODFILE_DIR_PATH}/Podfile.lock",
				"${PODS_ROOT}/Manifest.lock",
			);
			name = "[CP] Check Pods Manifest.lock";
			outputPaths = (
				"$(DERIVED_FILE_DIR)/Pods-SeniorDesignProject2-checkManifestLockResult.txt",
			);
			runOnlyForDeploymentPostprocessing = 0;
			shellPath = /bin/sh;
			shellScript = "diff \"${PODS_PODFILE_DIR_PATH}/Podfile.lock\" \"${PODS_ROOT}/Manifest.lock\" > /dev/null\nif [ $? != 0 ] ; then\n    # print error to STDERR\n    echo \"error: The sandbox is not in sync with the Podfile.lock. Run 'pod install' or update your CocoaPods installation.\" >&2\n    exit 1\nfi\n# This output is used by Xcode 'outputs' to avoid re-running this script phase.\necho \"SUCCESS\" > \"${SCRIPT_OUTPUT_FILE_0}\"\n";
			showEnvVarsInLog = 0;
		};
/* End PBXShellScriptBuildPhase section */

/* Begin PBXSourcesBuildPhase section */
		2B211EB61F9AD43300207FF5 /* Sources */ = {
			isa = PBXSourcesBuildPhase;
			buildActionMask = 2147483647;
			files = (
				2B1F9E741FCC879C0039A992 /* AudioController.swift in Sources */,
				2B615EFB1FAA372300042911 /* SpeechToTextViewController.swift in Sources */,
				2B2D352C1F9AD99200E4A982 /* LoginViewController.swift in Sources */,
				2B2E65801F9B86F0004B7F7B /* Channel.swift in Sources */,
				2B211EC81F9AD43300207FF5 /* SeniorDesignProject2.xcdatamodeld in Sources */,
				2B2D35321F9ADDA600E4A982 /* UIImage+Gif.swift in Sources */,
				2B2D352E1F9ADCCC00E4A982 /* ChatViewController.swift in Sources */,
				2B211ED01F9AD43300207FF5 /* main.m in Sources */,
				2B7BDE361FCA518600DD61D9 /* SpeechRecognitionService.swift in Sources */,
				2B211EBF1F9AD43300207FF5 /* AppDelegate.m in Sources */,
				2B2D352A1F9AD93000E4A982 /* ChannelListViewController.swift in Sources */,
				2B58490B1FB3652A00D9270F /* LanguageSelectTableViewController.swift in Sources */,
				2B2D35301F9ADD4400E4A982 /* CreateChannelCell.swift in Sources */,
				2BA94935205484D400088599 /* SignUpViewController.swift in Sources */,
			);
			runOnlyForDeploymentPostprocessing = 0;
		};
/* End PBXSourcesBuildPhase section */

/* Begin PBXVariantGroup section */
		2B211EC31F9AD43300207FF5 /* Main.storyboard */ = {
			isa = PBXVariantGroup;
			children = (
				2B211EC41F9AD43300207FF5 /* Base */,
			);
			name = Main.storyboard;
			sourceTree = "<group>";
		};
		2B211ECB1F9AD43300207FF5 /* LaunchScreen.storyboard */ = {
			isa = PBXVariantGroup;
			children = (
				2B211ECC1F9AD43300207FF5 /* Base */,
			);
			name = LaunchScreen.storyboard;
			sourceTree = "<group>";
		};
/* End PBXVariantGroup section */

/* Begin XCBuildConfiguration section */
		2B211ED11F9AD43300207FF5 /* Debug */ = {
			isa = XCBuildConfiguration;
			buildSettings = {
				ALWAYS_SEARCH_USER_PATHS = NO;
				CLANG_ANALYZER_NONNULL = YES;
				CLANG_ANALYZER_NUMBER_OBJECT_CONVERSION = YES_AGGRESSIVE;
				CLANG_CXX_LANGUAGE_STANDARD = "gnu++14";
				CLANG_CXX_LIBRARY = "libc++";
				CLANG_ENABLE_MODULES = YES;
				CLANG_ENABLE_OBJC_ARC = YES;
				CLANG_WARN_BLOCK_CAPTURE_AUTORELEASING = YES;
				CLANG_WARN_BOOL_CONVERSION = YES;
				CLANG_WARN_COMMA = YES;
				CLANG_WARN_CONSTANT_CONVERSION = YES;
				CLANG_WARN_DIRECT_OBJC_ISA_USAGE = YES_ERROR;
				CLANG_WARN_DOCUMENTATION_COMMENTS = YES;
				CLANG_WARN_EMPTY_BODY = YES;
				CLANG_WARN_ENUM_CONVERSION = YES;
				CLANG_WARN_INFINITE_RECURSION = YES;
				CLANG_WARN_INT_CONVERSION = YES;
				CLANG_WARN_NON_LITERAL_NULL_CONVERSION = YES;
				CLANG_WARN_OBJC_LITERAL_CONVERSION = YES;
				CLANG_WARN_OBJC_ROOT_CLASS = YES_ERROR;
				CLANG_WARN_RANGE_LOOP_ANALYSIS = YES;
				CLANG_WARN_STRICT_PROTOTYPES = YES;
				CLANG_WARN_SUSPICIOUS_MOVE = YES;
				CLANG_WARN_UNGUARDED_AVAILABILITY = YES_AGGRESSIVE;
				CLANG_WARN_UNREACHABLE_CODE = YES;
				CLANG_WARN__DUPLICATE_METHOD_MATCH = YES;
				CODE_SIGN_IDENTITY = "iPhone Developer";
				COPY_PHASE_STRIP = NO;
				DEBUG_INFORMATION_FORMAT = dwarf;
				ENABLE_STRICT_OBJC_MSGSEND = YES;
				ENABLE_TESTABILITY = YES;
				GCC_C_LANGUAGE_STANDARD = gnu11;
				GCC_DYNAMIC_NO_PIC = NO;
				GCC_NO_COMMON_BLOCKS = YES;
				GCC_OPTIMIZATION_LEVEL = 0;
				GCC_PREPROCESSOR_DEFINITIONS = (
					"DEBUG=1",
					"$(inherited)",
				);
				GCC_WARN_64_TO_32_BIT_CONVERSION = YES;
				GCC_WARN_ABOUT_RETURN_TYPE = YES_ERROR;
				GCC_WARN_UNDECLARED_SELECTOR = YES;
				GCC_WARN_UNINITIALIZED_AUTOS = YES_AGGRESSIVE;
				GCC_WARN_UNUSED_FUNCTION = YES;
				GCC_WARN_UNUSED_VARIABLE = YES;
				IPHONEOS_DEPLOYMENT_TARGET = 11.0;
				MTL_ENABLE_DEBUG_INFO = YES;
				ONLY_ACTIVE_ARCH = YES;
				SDKROOT = iphoneos;
			};
			name = Debug;
		};
		2B211ED21F9AD43300207FF5 /* Release */ = {
			isa = XCBuildConfiguration;
			buildSettings = {
				ALWAYS_SEARCH_USER_PATHS = NO;
				CLANG_ANALYZER_NONNULL = YES;
				CLANG_ANALYZER_NUMBER_OBJECT_CONVERSION = YES_AGGRESSIVE;
				CLANG_CXX_LANGUAGE_STANDARD = "gnu++14";
				CLANG_CXX_LIBRARY = "libc++";
				CLANG_ENABLE_MODULES = YES;
				CLANG_ENABLE_OBJC_ARC = YES;
				CLANG_WARN_BLOCK_CAPTURE_AUTORELEASING = YES;
				CLANG_WARN_BOOL_CONVERSION = YES;
				CLANG_WARN_COMMA = YES;
				CLANG_WARN_CONSTANT_CONVERSION = YES;
				CLANG_WARN_DIRECT_OBJC_ISA_USAGE = YES_ERROR;
				CLANG_WARN_DOCUMENTATION_COMMENTS = YES;
				CLANG_WARN_EMPTY_BODY = YES;
				CLANG_WARN_ENUM_CONVERSION = YES;
				CLANG_WARN_INFINITE_RECURSION = YES;
				CLANG_WARN_INT_CONVERSION = YES;
				CLANG_WARN_NON_LITERAL_NULL_CONVERSION = YES;
				CLANG_WARN_OBJC_LITERAL_CONVERSION = YES;
				CLANG_WARN_OBJC_ROOT_CLASS = YES_ERROR;
				CLANG_WARN_RANGE_LOOP_ANALYSIS = YES;
				CLANG_WARN_STRICT_PROTOTYPES = YES;
				CLANG_WARN_SUSPICIOUS_MOVE = YES;
				CLANG_WARN_UNGUARDED_AVAILABILITY = YES_AGGRESSIVE;
				CLANG_WARN_UNREACHABLE_CODE = YES;
				CLANG_WARN__DUPLICATE_METHOD_MATCH = YES;
				CODE_SIGN_IDENTITY = "iPhone Developer";
				COPY_PHASE_STRIP = NO;
				DEBUG_INFORMATION_FORMAT = "dwarf-with-dsym";
				ENABLE_NS_ASSERTIONS = NO;
				ENABLE_STRICT_OBJC_MSGSEND = YES;
				GCC_C_LANGUAGE_STANDARD = gnu11;
				GCC_NO_COMMON_BLOCKS = YES;
				GCC_WARN_64_TO_32_BIT_CONVERSION = YES;
				GCC_WARN_ABOUT_RETURN_TYPE = YES_ERROR;
				GCC_WARN_UNDECLARED_SELECTOR = YES;
				GCC_WARN_UNINITIALIZED_AUTOS = YES_AGGRESSIVE;
				GCC_WARN_UNUSED_FUNCTION = YES;
				GCC_WARN_UNUSED_VARIABLE = YES;
				IPHONEOS_DEPLOYMENT_TARGET = 11.0;
				MTL_ENABLE_DEBUG_INFO = NO;
				ONLY_ACTIVE_ARCH = YES;
				SDKROOT = iphoneos;
				SWIFT_OPTIMIZATION_LEVEL = "-Owholemodule";
				VALIDATE_PRODUCT = YES;
			};
			name = Release;
		};
		2B211ED41F9AD43300207FF5 /* Debug */ = {
			isa = XCBuildConfiguration;
			baseConfigurationReference = F9E44C3568C7ACE78815C95D /* Pods-SeniorDesignProject2.debug.xcconfig */;
			buildSettings = {
				ALWAYS_EMBED_SWIFT_STANDARD_LIBRARIES = YES;
				ASSETCATALOG_COMPILER_APPICON_NAME = AppIcon;
				CLANG_ENABLE_MODULES = YES;
				CODE_SIGN_STYLE = Automatic;
				DEFINES_MODULE = YES;
				DEVELOPMENT_TEAM = A925UVX7Y6;
				ENABLE_BITCODE = NO;
				FRAMEWORK_SEARCH_PATHS = (
					"$(inherited)",
					"$(PROJECT_DIR)/Lib/include/WebRTC",
				);
				GCC_NO_COMMON_BLOCKS = NO;
				INFOPLIST_FILE = SeniorDesignProject2/Info.plist;
				IPHONEOS_DEPLOYMENT_TARGET = 9.3;
				LD_RUNPATH_SEARCH_PATHS = "$(inherited) @executable_path/Frameworks";
				PRODUCT_BUNDLE_IDENTIFIER = self.edu.SeniorDesignProject2;
				PRODUCT_NAME = MultiChat;
				SWIFT_OBJC_BRIDGING_HEADER = "SeniorDesignProject2/SeniorDesignProject2-Bridging-Header.h";
				SWIFT_OPTIMIZATION_LEVEL = "-Onone";
				SWIFT_SWIFT3_OBJC_INFERENCE = On;
				SWIFT_VERSION = 4.0;
				TARGETED_DEVICE_FAMILY = "1,2";
			};
			name = Debug;
		};
		2B211ED51F9AD43300207FF5 /* Release */ = {
			isa = XCBuildConfiguration;
			baseConfigurationReference = D0290B50E4AED89478721F17 /* Pods-SeniorDesignProject2.release.xcconfig */;
			buildSettings = {
				ALWAYS_EMBED_SWIFT_STANDARD_LIBRARIES = YES;
				ASSETCATALOG_COMPILER_APPICON_NAME = AppIcon;
				CLANG_ENABLE_MODULES = YES;
				CODE_SIGN_STYLE = Automatic;
				DEFINES_MODULE = YES;
				DEVELOPMENT_TEAM = A925UVX7Y6;
				ENABLE_BITCODE = NO;
				FRAMEWORK_SEARCH_PATHS = (
					"$(inherited)",
					"$(PROJECT_DIR)/Lib/include/WebRTC",
				);
				GCC_NO_COMMON_BLOCKS = NO;
				INFOPLIST_FILE = SeniorDesignProject2/Info.plist;
				IPHONEOS_DEPLOYMENT_TARGET = 9.3;
				LD_RUNPATH_SEARCH_PATHS = "$(inherited) @executable_path/Frameworks";
				PRODUCT_BUNDLE_IDENTIFIER = self.edu.SeniorDesignProject2;
				PRODUCT_NAME = MultiChat;
				SWIFT_OBJC_BRIDGING_HEADER = "SeniorDesignProject2/SeniorDesignProject2-Bridging-Header.h";
				SWIFT_SWIFT3_OBJC_INFERENCE = On;
				SWIFT_VERSION = 4.0;
				TARGETED_DEVICE_FAMILY = "1,2";
			};
			name = Release;
		};
/* End XCBuildConfiguration section */

/* Begin XCConfigurationList section */
		2B211EB51F9AD43300207FF5 /* Build configuration list for PBXProject "SeniorDesignProject2" */ = {
			isa = XCConfigurationList;
			buildConfigurations = (
				2B211ED11F9AD43300207FF5 /* Debug */,
				2B211ED21F9AD43300207FF5 /* Release */,
			);
			defaultConfigurationIsVisible = 0;
			defaultConfigurationName = Release;
		};
		2B211ED31F9AD43300207FF5 /* Build configuration list for PBXNativeTarget "SeniorDesignProject2" */ = {
			isa = XCConfigurationList;
			buildConfigurations = (
				2B211ED41F9AD43300207FF5 /* Debug */,
				2B211ED51F9AD43300207FF5 /* Release */,
			);
			defaultConfigurationIsVisible = 0;
			defaultConfigurationName = Release;
		};
/* End XCConfigurationList section */

/* Begin XCVersionGroup section */
		2B211EC61F9AD43300207FF5 /* SeniorDesignProject2.xcdatamodeld */ = {
			isa = XCVersionGroup;
			children = (
				2B211EC71F9AD43300207FF5 /* SeniorDesignProject2.xcdatamodel */,
			);
			currentVersion = 2B211EC71F9AD43300207FF5 /* SeniorDesignProject2.xcdatamodel */;
			path = SeniorDesignProject2.xcdatamodeld;
			sourceTree = "<group>";
			versionGroupType = wrapper.xcdatamodel;
		};
/* End XCVersionGroup section */
	};
	rootObject = 2B211EB21F9AD43300207FF5 /* Project object */;
}
